
Microsoft Visual Studio Solution File, Format Version 12.00
# Visual Studio Version 17
VisualStudioVersion = 17.14.36414.22 d17.14
MinimumVisualStudioVersion = 10.0.40219.1
Project("{FAE04EC0-301F-11D3-BF4B-00C04F79EFBC}") = "GitHub test1.0", "GitHub test1.0\GitHub test1.0.csproj", "{12FB2D1B-C1AB-48FC-8C97-B44F0FDA6B82}"
EndProject
Global
	GlobalSection(SolutionConfigurationPlatforms) = preSolution
		Debug|Any CPU = Debug|Any CPU
		Release|Any CPU = Release|Any CPU
	EndGlobalSection
	GlobalSection(ProjectConfigurationPlatforms) = postSolution
		{12FB2D1B-C1AB-48FC-8C97-B44F0FDA6B82}.Debug|Any CPU.ActiveCfg = Debug|Any CPU
		{12FB2D1B-C1AB-48FC-8C97-B44F0FDA6B82}.Debug|Any CPU.Build.0 = Debug|Any CPU
		{12FB2D1B-C1AB-48FC-8C97-B44F0FDA6B82}.Release|Any CPU.ActiveCfg = Release|Any CPU
		{12FB2D1B-C1AB-48FC-8C97-B44F0FDA6B82}.Release|Any CPU.Build.0 = Release|Any CPU
	EndGlobalSection
	GlobalSection(SolutionProperties) = preSolution
		HideSolutionNode = FALSE
	EndGlobalSection
	GlobalSection(ExtensibilityGlobals) = postSolution
		SolutionGuid = {E5FFF82E-217D-47DF-B95B-3ACDE032DAEF}
	EndGlobalSection
EndGlobal
